# This file is automatically @generated by Cargo.
# It is not intended for manual editing.
version = 4

[[package]]
name = "tessera-analyzer"
version = "0.1.0"

[[package]]
name = "tessera-cli"
version = "0.1.0"

[[package]]
name = "tessera-context"
version = "0.1.0"

[[package]]
name = "tessera-kernel"
version = "0.1.0"
